
Microsoft Visual Studio Solution File, Format Version 12.00
# Visual Studio Version 16
VisualStudioVersion = 16.0.29806.167
MinimumVisualStudioVersion = 10.0.40219.1
Project("{FAE04EC0-301F-11D3-BF4B-00C04F79EFBC}") = "TodoListApi", "TodoListApi\TodoListApi.csproj", "{CA4DDCD4-DF8A-4CCC-8936-781565805738}"
EndProject
Global
	GlobalSection(SolutionConfigurationPlatforms) = preSolution
		Debug|Any CPU = Debug|Any CPU
		Release|Any CPU = Release|Any CPU
	EndGlobalSection
	GlobalSection(ProjectConfigurationPlatforms) = postSolution
		{CA4DDCD4-DF8A-4CCC-8936-781565805738}.Debug|Any CPU.ActiveCfg = Debug|Any CPU
		{CA4DDCD4-DF8A-4CCC-8936-781565805738}.Debug|Any CPU.Build.0 = Debug|Any CPU
		{CA4DDCD4-DF8A-4CCC-8936-781565805738}.Release|Any CPU.ActiveCfg = Release|Any CPU
		{CA4DDCD4-DF8A-4CCC-8936-781565805738}.Release|Any CPU.Build.0 = Release|Any CPU
	EndGlobalSection
	GlobalSection(SolutionProperties) = preSolution
		HideSolutionNode = FALSE
	EndGlobalSection
	GlobalSection(ExtensibilityGlobals) = postSolution
		SolutionGuid = {27B09E0A-D472-41E4-A198-08F1C3D69F84}
	EndGlobalSection
EndGlobal
